{
  "version": 4,
  "terraform_version": "1.11.4",
  "serial": 2,
  "lineage": "184421f5-4711-e310-d40d-7b491532700b",
  "outputs": {
    "api": {
      "value": "123",
      "type": "string",
      "sensitive": true
    },
    "application_name": {
      "value": "app1",
      "type": "string"
    },
    "environment_name": {
      "value": "dev",
      "type": "string"
    },
    "environment_prefix": {
      "value": "app1-dev-4qchs0",
      "type": "string"
    },
    "primery_region": {
      "value": "east",
      "type": "string"
    },
    "region_instance_count": {
      "value": "3",
      "type": "string"
    },
    "suffix": {
      "value": "4qchs0",
      "type": "string"
    }
  },
  "resources": [
    {
      "mode": "managed",
      "type": "random_string",
      "name": "suffix",
      "provider": "provider[\"registry.terraform.io/hashicorp/random\"]",
      "instances": [
        {
          "schema_version": 2,
          "attributes": {
            "id": "4qchs0",
            "keepers": null,
            "length": 6,
            "lower": true,
            "min_lower": 0,
            "min_numeric": 0,
            "min_special": 0,
            "min_upper": 0,
            "number": true,
            "numeric": true,
            "override_special": null,
            "result": "4qchs0",
            "special": false,
            "upper": false
          },
          "sensitive_attributes": []
        }
      ]
    }
  ],
  "check_results": [
    {
      "object_kind": "var",
      "config_addr": "var.application_name",
      "status": "pass",
      "objects": [
        {
          "object_addr": "var.application_name",
          "status": "pass"
        }
      ]
    }
  ]
}
